
Microsoft Visual Studio Solution File, Format Version 12.00
# Visual Studio Version 17
VisualStudioVersion = 17.3.32825.248
MinimumVisualStudioVersion = 10.0.40219.1
Project("{FAE04EC0-301F-11D3-BF4B-00C04F79EFBC}") = "SahibindenBot", "SahibindenBot\SahibindenBot.csproj", "{11635A26-0FE6-46FE-9ADC-6FCA01FB065D}"
EndProject
Project("{54435603-DBB4-11D2-8724-00A0C9A8B90C}") = "SahibindenBotSetup", "SahibindenBotSetup\SahibindenBotSetup.vdproj", "{9348D824-0944-49E3-A83F-146EBEF5A3A9}"
EndProject
Global
	GlobalSection(SolutionConfigurationPlatforms) = preSolution
		Debug|Any CPU = Debug|Any CPU
		Release|Any CPU = Release|Any CPU
	EndGlobalSection
	GlobalSection(ProjectConfigurationPlatforms) = postSolution
		{11635A26-0FE6-46FE-9ADC-6FCA01FB065D}.Debug|Any CPU.ActiveCfg = Debug|Any CPU
		{11635A26-0FE6-46FE-9ADC-6FCA01FB065D}.Debug|Any CPU.Build.0 = Debug|Any CPU
		{11635A26-0FE6-46FE-9ADC-6FCA01FB065D}.Release|Any CPU.ActiveCfg = Release|Any CPU
		{11635A26-0FE6-46FE-9ADC-6FCA01FB065D}.Release|Any CPU.Build.0 = Release|Any CPU
		{9348D824-0944-49E3-A83F-146EBEF5A3A9}.Debug|Any CPU.ActiveCfg = Debug
		{9348D824-0944-49E3-A83F-146EBEF5A3A9}.Release|Any CPU.ActiveCfg = Release
	EndGlobalSection
	GlobalSection(SolutionProperties) = preSolution
		HideSolutionNode = FALSE
	EndGlobalSection
	GlobalSection(ExtensibilityGlobals) = postSolution
		SolutionGuid = {DC174B72-44EE-442D-B59E-4DD7B5E17E09}
	EndGlobalSection
EndGlobal
